
Microsoft Visual Studio Solution File, Format Version 12.00
# Visual Studio Version 17
VisualStudioVersion = 17.0.32014.148
MinimumVisualStudioVersion = 10.0.40219.1
Project("{FAE04EC0-301F-11D3-BF4B-00C04F79EFBC}") = "DeCharger.Alpha", "MSViewer\DeCharger.Alpha.csproj", "{FB1FC625-BFFD-4E9F-B5D6-93718256F567}"
EndProject
Project("{2150E333-8FDC-42A3-9474-1A3956D46DE8}") = "Solution Items", "Solution Items", "{EE3F8A65-0B19-4268-A243-DCA71602105E}"
	ProjectSection(SolutionItems) = preProject
		packages\NBug.1.2.2\lib\net40-client\NBug.dll = packages\NBug.1.2.2\lib\net40-client\NBug.dll
		packages\NBug.1.2.2\lib\net40-client\NBug.XML = packages\NBug.1.2.2\lib\net40-client\NBug.XML
		packages\WPFToolkit.3.5.50211.1\lib\System.Windows.Controls.Input.Toolkit.dll = packages\WPFToolkit.3.5.50211.1\lib\System.Windows.Controls.Input.Toolkit.dll
		packages\WPFToolkit.3.5.50211.1\lib\System.Windows.Controls.Layout.Toolkit.dll = packages\WPFToolkit.3.5.50211.1\lib\System.Windows.Controls.Layout.Toolkit.dll
		packages\WPFToolkit.3.5.50211.1\lib\WPFToolkit.dll = packages\WPFToolkit.3.5.50211.1\lib\WPFToolkit.dll
		packages\Extended.Wpf.Toolkit.3.1\lib\net40\Xceed.Wpf.AvalonDock.dll = packages\Extended.Wpf.Toolkit.3.1\lib\net40\Xceed.Wpf.AvalonDock.dll
		packages\Extended.Wpf.Toolkit.3.1\lib\net40\Xceed.Wpf.AvalonDock.Themes.Aero.dll = packages\Extended.Wpf.Toolkit.3.1\lib\net40\Xceed.Wpf.AvalonDock.Themes.Aero.dll
		packages\Extended.Wpf.Toolkit.3.1\lib\net40\Xceed.Wpf.AvalonDock.Themes.Metro.dll = packages\Extended.Wpf.Toolkit.3.1\lib\net40\Xceed.Wpf.AvalonDock.Themes.Metro.dll
		packages\Extended.Wpf.Toolkit.3.1\lib\net40\Xceed.Wpf.AvalonDock.Themes.VS2010.dll = packages\Extended.Wpf.Toolkit.3.1\lib\net40\Xceed.Wpf.AvalonDock.Themes.VS2010.dll
		packages\Extended.Wpf.Toolkit.3.1\lib\net40\Xceed.Wpf.DataGrid.dll = packages\Extended.Wpf.Toolkit.3.1\lib\net40\Xceed.Wpf.DataGrid.dll
		packages\Extended.Wpf.Toolkit.3.1\lib\net40\Xceed.Wpf.Toolkit.dll = packages\Extended.Wpf.Toolkit.3.1\lib\net40\Xceed.Wpf.Toolkit.dll
	EndProjectSection
EndProject
Project("{2150E333-8FDC-42A3-9474-1A3956D46DE8}") = "Documents", "Documents", "{33DE41A5-FBBE-4BEC-B30D-52F0FC07F695}"
	ProjectSection(SolutionItems) = preProject
		Documents\blast example.txt = Documents\blast example.txt
		LICENSE.txt = LICENSE.txt
	EndProjectSection
EndProject
Project("{FAE04EC0-301F-11D3-BF4B-00C04F79EFBC}") = "MassSpectrometry", "..\Science\MassSpectrometry\MassSpectrometry.csproj", "{01E6D5DA-91CD-4327-9512-3C71434F2A70}"
EndProject
Project("{FAE04EC0-301F-11D3-BF4B-00C04F79EFBC}") = "Science.Blast", "..\Science\Science.Blast\Science.Blast.csproj", "{4868A1B2-E164-49D1-87FD-1E133D4359FC}"
EndProject
Project("{FAE04EC0-301F-11D3-BF4B-00C04F79EFBC}") = "Science.Chemistry", "..\Science\Science.Chemistry\Science.Chemistry.csproj", "{301B6C03-4552-485B-8304-903B9FA7F06B}"
EndProject
Project("{FAE04EC0-301F-11D3-BF4B-00C04F79EFBC}") = "Science.Proteomics", "..\Science\Science.Proteomics\Science.Proteomics.csproj", "{60C18984-57F9-4D97-B7B6-EC260F988D77}"
EndProject
Global
	GlobalSection(SolutionConfigurationPlatforms) = preSolution
		AutoPilot|Any CPU = AutoPilot|Any CPU
		AutoPilot|Mixed Platforms = AutoPilot|Mixed Platforms
		AutoPilot|x64 = AutoPilot|x64
		AutoPilot|x86 = AutoPilot|x86
		Debug|Any CPU = Debug|Any CPU
		Debug|Mixed Platforms = Debug|Mixed Platforms
		Debug|x64 = Debug|x64
		Debug|x86 = Debug|x86
		Release|Any CPU = Release|Any CPU
		Release|Mixed Platforms = Release|Mixed Platforms
		Release|x64 = Release|x64
		Release|x86 = Release|x86
		Silverlight|Any CPU = Silverlight|Any CPU
		Silverlight|Mixed Platforms = Silverlight|Mixed Platforms
		Silverlight|x64 = Silverlight|x64
		Silverlight|x86 = Silverlight|x86
		Test|Any CPU = Test|Any CPU
		Test|Mixed Platforms = Test|Mixed Platforms
		Test|x64 = Test|x64
		Test|x86 = Test|x86
		WPF|Any CPU = WPF|Any CPU
		WPF|Mixed Platforms = WPF|Mixed Platforms
		WPF|x64 = WPF|x64
		WPF|x86 = WPF|x86
	EndGlobalSection
	GlobalSection(ProjectConfigurationPlatforms) = postSolution
		{FB1FC625-BFFD-4E9F-B5D6-93718256F567}.AutoPilot|Any CPU.ActiveCfg = Test|x86
		{FB1FC625-BFFD-4E9F-B5D6-93718256F567}.AutoPilot|Any CPU.Build.0 = Test|x86
		{FB1FC625-BFFD-4E9F-B5D6-93718256F567}.AutoPilot|Mixed Platforms.ActiveCfg = Test|x86
		{FB1FC625-BFFD-4E9F-B5D6-93718256F567}.AutoPilot|Mixed Platforms.Build.0 = Test|x86
		{FB1FC625-BFFD-4E9F-B5D6-93718256F567}.AutoPilot|x64.ActiveCfg = Debug|x64
		{FB1FC625-BFFD-4E9F-B5D6-93718256F567}.AutoPilot|x64.Build.0 = Debug|x64
		{FB1FC625-BFFD-4E9F-B5D6-93718256F567}.AutoPilot|x86.ActiveCfg = Test|x86
		{FB1FC625-BFFD-4E9F-B5D6-93718256F567}.AutoPilot|x86.Build.0 = Test|x86
		{FB1FC625-BFFD-4E9F-B5D6-93718256F567}.Debug|Any CPU.ActiveCfg = Debug|x86
		{FB1FC625-BFFD-4E9F-B5D6-93718256F567}.Debug|Any CPU.Build.0 = Debug|x86
		{FB1FC625-BFFD-4E9F-B5D6-93718256F567}.Debug|Mixed Platforms.ActiveCfg = Debug|x86
		{FB1FC625-BFFD-4E9F-B5D6-93718256F567}.Debug|Mixed Platforms.Build.0 = Debug|x86
		{FB1FC625-BFFD-4E9F-B5D6-93718256F567}.Debug|x64.ActiveCfg = Debug|x64
		{FB1FC625-BFFD-4E9F-B5D6-93718256F567}.Debug|x64.Build.0 = Debug|x64
		{FB1FC625-BFFD-4E9F-B5D6-93718256F567}.Debug|x86.ActiveCfg = Debug|x86
		{FB1FC625-BFFD-4E9F-B5D6-93718256F567}.Debug|x86.Build.0 = Debug|x86
		{FB1FC625-BFFD-4E9F-B5D6-93718256F567}.Release|Any CPU.ActiveCfg = Release|x86
		{FB1FC625-BFFD-4E9F-B5D6-93718256F567}.Release|Any CPU.Build.0 = Release|x86
		{FB1FC625-BFFD-4E9F-B5D6-93718256F567}.Release|Mixed Platforms.ActiveCfg = Release|x86
		{FB1FC625-BFFD-4E9F-B5D6-93718256F567}.Release|Mixed Platforms.Build.0 = Release|x86
		{FB1FC625-BFFD-4E9F-B5D6-93718256F567}.Release|x64.ActiveCfg = Release|x64
		{FB1FC625-BFFD-4E9F-B5D6-93718256F567}.Release|x64.Build.0 = Release|x64
		{FB1FC625-BFFD-4E9F-B5D6-93718256F567}.Release|x86.ActiveCfg = Release|x86
		{FB1FC625-BFFD-4E9F-B5D6-93718256F567}.Release|x86.Build.0 = Release|x86
		{FB1FC625-BFFD-4E9F-B5D6-93718256F567}.Silverlight|Any CPU.ActiveCfg = Test|x86
		{FB1FC625-BFFD-4E9F-B5D6-93718256F567}.Silverlight|Any CPU.Build.0 = Test|x86
		{FB1FC625-BFFD-4E9F-B5D6-93718256F567}.Silverlight|Mixed Platforms.ActiveCfg = Test|x86
		{FB1FC625-BFFD-4E9F-B5D6-93718256F567}.Silverlight|Mixed Platforms.Build.0 = Test|x86
		{FB1FC625-BFFD-4E9F-B5D6-93718256F567}.Silverlight|x64.ActiveCfg = Debug|x64
		{FB1FC625-BFFD-4E9F-B5D6-93718256F567}.Silverlight|x64.Build.0 = Debug|x64
		{FB1FC625-BFFD-4E9F-B5D6-93718256F567}.Silverlight|x86.ActiveCfg = Test|x86
		{FB1FC625-BFFD-4E9F-B5D6-93718256F567}.Silverlight|x86.Build.0 = Test|x86
		{FB1FC625-BFFD-4E9F-B5D6-93718256F567}.Test|Any CPU.ActiveCfg = Test|x86
		{FB1FC625-BFFD-4E9F-B5D6-93718256F567}.Test|Any CPU.Build.0 = Test|x86
		{FB1FC625-BFFD-4E9F-B5D6-93718256F567}.Test|Mixed Platforms.ActiveCfg = Test|x86
		{FB1FC625-BFFD-4E9F-B5D6-93718256F567}.Test|Mixed Platforms.Build.0 = Test|x86
		{FB1FC625-BFFD-4E9F-B5D6-93718256F567}.Test|x64.ActiveCfg = Test|x64
		{FB1FC625-BFFD-4E9F-B5D6-93718256F567}.Test|x64.Build.0 = Test|x64
		{FB1FC625-BFFD-4E9F-B5D6-93718256F567}.Test|x86.ActiveCfg = Test|x86
		{FB1FC625-BFFD-4E9F-B5D6-93718256F567}.WPF|Any CPU.ActiveCfg = Test|x86
		{FB1FC625-BFFD-4E9F-B5D6-93718256F567}.WPF|Any CPU.Build.0 = Test|x86
		{FB1FC625-BFFD-4E9F-B5D6-93718256F567}.WPF|Mixed Platforms.ActiveCfg = Test|x86
		{FB1FC625-BFFD-4E9F-B5D6-93718256F567}.WPF|Mixed Platforms.Build.0 = Test|x86
		{FB1FC625-BFFD-4E9F-B5D6-93718256F567}.WPF|x64.ActiveCfg = Debug|x64
		{FB1FC625-BFFD-4E9F-B5D6-93718256F567}.WPF|x64.Build.0 = Debug|x64
		{FB1FC625-BFFD-4E9F-B5D6-93718256F567}.WPF|x86.ActiveCfg = Test|x86
		{FB1FC625-BFFD-4E9F-B5D6-93718256F567}.WPF|x86.Build.0 = Test|x86
		{01E6D5DA-91CD-4327-9512-3C71434F2A70}.AutoPilot|Any CPU.ActiveCfg = AutoPilot|Any CPU
		{01E6D5DA-91CD-4327-9512-3C71434F2A70}.AutoPilot|Any CPU.Build.0 = AutoPilot|Any CPU
		{01E6D5DA-91CD-4327-9512-3C71434F2A70}.AutoPilot|Mixed Platforms.ActiveCfg = AutoPilot|Any CPU
		{01E6D5DA-91CD-4327-9512-3C71434F2A70}.AutoPilot|Mixed Platforms.Build.0 = AutoPilot|Any CPU
		{01E6D5DA-91CD-4327-9512-3C71434F2A70}.AutoPilot|x64.ActiveCfg = AutoPilot|x64
		{01E6D5DA-91CD-4327-9512-3C71434F2A70}.AutoPilot|x64.Build.0 = AutoPilot|x64
		{01E6D5DA-91CD-4327-9512-3C71434F2A70}.AutoPilot|x86.ActiveCfg = AutoPilot|Any CPU
		{01E6D5DA-91CD-4327-9512-3C71434F2A70}.AutoPilot|x86.Build.0 = AutoPilot|Any CPU
		{01E6D5DA-91CD-4327-9512-3C71434F2A70}.Debug|Any CPU.ActiveCfg = Debug|Any CPU
		{01E6D5DA-91CD-4327-9512-3C71434F2A70}.Debug|Any CPU.Build.0 = Debug|Any CPU
		{01E6D5DA-91CD-4327-9512-3C71434F2A70}.Debug|Mixed Platforms.ActiveCfg = Debug|Any CPU
		{01E6D5DA-91CD-4327-9512-3C71434F2A70}.Debug|Mixed Platforms.Build.0 = Debug|Any CPU
		{01E6D5DA-91CD-4327-9512-3C71434F2A70}.Debug|x64.ActiveCfg = Debug|x64
		{01E6D5DA-91CD-4327-9512-3C71434F2A70}.Debug|x64.Build.0 = Debug|x64
		{01E6D5DA-91CD-4327-9512-3C71434F2A70}.Debug|x86.ActiveCfg = Debug|Any CPU
		{01E6D5DA-91CD-4327-9512-3C71434F2A70}.Debug|x86.Build.0 = Debug|Any CPU
		{01E6D5DA-91CD-4327-9512-3C71434F2A70}.Release|Any CPU.ActiveCfg = Release|Any CPU
		{01E6D5DA-91CD-4327-9512-3C71434F2A70}.Release|Any CPU.Build.0 = Release|Any CPU
		{01E6D5DA-91CD-4327-9512-3C71434F2A70}.Release|Mixed Platforms.ActiveCfg = Release|Any CPU
		{01E6D5DA-91CD-4327-9512-3C71434F2A70}.Release|Mixed Platforms.Build.0 = Release|Any CPU
		{01E6D5DA-91CD-4327-9512-3C71434F2A70}.Release|x64.ActiveCfg = Release|x64
		{01E6D5DA-91CD-4327-9512-3C71434F2A70}.Release|x64.Build.0 = Release|x64
		{01E6D5DA-91CD-4327-9512-3C71434F2A70}.Release|x86.ActiveCfg = Release|Any CPU
		{01E6D5DA-91CD-4327-9512-3C71434F2A70}.Release|x86.Build.0 = Release|Any CPU
		{01E6D5DA-91CD-4327-9512-3C71434F2A70}.Silverlight|Any CPU.ActiveCfg = Test|Any CPU
		{01E6D5DA-91CD-4327-9512-3C71434F2A70}.Silverlight|Any CPU.Build.0 = Test|Any CPU
		{01E6D5DA-91CD-4327-9512-3C71434F2A70}.Silverlight|Mixed Platforms.ActiveCfg = Test|Any CPU
		{01E6D5DA-91CD-4327-9512-3C71434F2A70}.Silverlight|Mixed Platforms.Build.0 = Test|Any CPU
		{01E6D5DA-91CD-4327-9512-3C71434F2A70}.Silverlight|x64.ActiveCfg = Debug|x64
		{01E6D5DA-91CD-4327-9512-3C71434F2A70}.Silverlight|x64.Build.0 = Debug|x64
		{01E6D5DA-91CD-4327-9512-3C71434F2A70}.Silverlight|x86.ActiveCfg = Test|Any CPU
		{01E6D5DA-91CD-4327-9512-3C71434F2A70}.Silverlight|x86.Build.0 = Test|Any CPU
		{01E6D5DA-91CD-4327-9512-3C71434F2A70}.Test|Any CPU.ActiveCfg = Test|Any CPU
		{01E6D5DA-91CD-4327-9512-3C71434F2A70}.Test|Any CPU.Build.0 = Test|Any CPU
		{01E6D5DA-91CD-4327-9512-3C71434F2A70}.Test|Mixed Platforms.ActiveCfg = Test|Any CPU
		{01E6D5DA-91CD-4327-9512-3C71434F2A70}.Test|Mixed Platforms.Build.0 = Test|Any CPU
		{01E6D5DA-91CD-4327-9512-3C71434F2A70}.Test|x64.ActiveCfg = Test|x64
		{01E6D5DA-91CD-4327-9512-3C71434F2A70}.Test|x64.Build.0 = Test|x64
		{01E6D5DA-91CD-4327-9512-3C71434F2A70}.Test|x86.ActiveCfg = Test|Any CPU
		{01E6D5DA-91CD-4327-9512-3C71434F2A70}.Test|x86.Build.0 = Test|Any CPU
		{01E6D5DA-91CD-4327-9512-3C71434F2A70}.WPF|Any CPU.ActiveCfg = Test|Any CPU
		{01E6D5DA-91CD-4327-9512-3C71434F2A70}.WPF|Any CPU.Build.0 = Test|Any CPU
		{01E6D5DA-91CD-4327-9512-3C71434F2A70}.WPF|Mixed Platforms.ActiveCfg = Test|Any CPU
		{01E6D5DA-91CD-4327-9512-3C71434F2A70}.WPF|Mixed Platforms.Build.0 = Test|Any CPU
		{01E6D5DA-91CD-4327-9512-3C71434F2A70}.WPF|x64.ActiveCfg = Debug|x64
		{01E6D5DA-91CD-4327-9512-3C71434F2A70}.WPF|x64.Build.0 = Debug|x64
		{01E6D5DA-91CD-4327-9512-3C71434F2A70}.WPF|x86.ActiveCfg = Test|Any CPU
		{01E6D5DA-91CD-4327-9512-3C71434F2A70}.WPF|x86.Build.0 = Test|Any CPU
		{4868A1B2-E164-49D1-87FD-1E133D4359FC}.AutoPilot|Any CPU.ActiveCfg = Test|Any CPU
		{4868A1B2-E164-49D1-87FD-1E133D4359FC}.AutoPilot|Any CPU.Build.0 = Test|Any CPU
		{4868A1B2-E164-49D1-87FD-1E133D4359FC}.AutoPilot|Mixed Platforms.ActiveCfg = Test|Any CPU
		{4868A1B2-E164-49D1-87FD-1E133D4359FC}.AutoPilot|Mixed Platforms.Build.0 = Test|Any CPU
		{4868A1B2-E164-49D1-87FD-1E133D4359FC}.AutoPilot|x64.ActiveCfg = Debug|x64
		{4868A1B2-E164-49D1-87FD-1E133D4359FC}.AutoPilot|x64.Build.0 = Debug|x64
		{4868A1B2-E164-49D1-87FD-1E133D4359FC}.AutoPilot|x86.ActiveCfg = Test|Any CPU
		{4868A1B2-E164-49D1-87FD-1E133D4359FC}.AutoPilot|x86.Build.0 = Test|Any CPU
		{4868A1B2-E164-49D1-87FD-1E133D4359FC}.Debug|Any CPU.ActiveCfg = Debug|Any CPU
		{4868A1B2-E164-49D1-87FD-1E133D4359FC}.Debug|Any CPU.Build.0 = Debug|Any CPU
		{4868A1B2-E164-49D1-87FD-1E133D4359FC}.Debug|Mixed Platforms.ActiveCfg = Debug|Any CPU
		{4868A1B2-E164-49D1-87FD-1E133D4359FC}.Debug|Mixed Platforms.Build.0 = Debug|Any CPU
		{4868A1B2-E164-49D1-87FD-1E133D4359FC}.Debug|x64.ActiveCfg = Debug|x64
		{4868A1B2-E164-49D1-87FD-1E133D4359FC}.Debug|x64.Build.0 = Debug|x64
		{4868A1B2-E164-49D1-87FD-1E133D4359FC}.Debug|x86.ActiveCfg = Debug|Any CPU
		{4868A1B2-E164-49D1-87FD-1E133D4359FC}.Debug|x86.Build.0 = Debug|Any CPU
		{4868A1B2-E164-49D1-87FD-1E133D4359FC}.Release|Any CPU.ActiveCfg = Release|Any CPU
		{4868A1B2-E164-49D1-87FD-1E133D4359FC}.Release|Any CPU.Build.0 = Release|Any CPU
		{4868A1B2-E164-49D1-87FD-1E133D4359FC}.Release|Mixed Platforms.ActiveCfg = Release|Any CPU
		{4868A1B2-E164-49D1-87FD-1E133D4359FC}.Release|Mixed Platforms.Build.0 = Release|Any CPU
		{4868A1B2-E164-49D1-87FD-1E133D4359FC}.Release|x64.ActiveCfg = Release|x64
		{4868A1B2-E164-49D1-87FD-1E133D4359FC}.Release|x64.Build.0 = Release|x64
		{4868A1B2-E164-49D1-87FD-1E133D4359FC}.Release|x86.ActiveCfg = Release|Any CPU
		{4868A1B2-E164-49D1-87FD-1E133D4359FC}.Release|x86.Build.0 = Release|Any CPU
		{4868A1B2-E164-49D1-87FD-1E133D4359FC}.Silverlight|Any CPU.ActiveCfg = Test|Any CPU
		{4868A1B2-E164-49D1-87FD-1E133D4359FC}.Silverlight|Any CPU.Build.0 = Test|Any CPU
		{4868A1B2-E164-49D1-87FD-1E133D4359FC}.Silverlight|Mixed Platforms.ActiveCfg = Test|Any CPU
		{4868A1B2-E164-49D1-87FD-1E133D4359FC}.Silverlight|Mixed Platforms.Build.0 = Test|Any CPU
		{4868A1B2-E164-49D1-87FD-1E133D4359FC}.Silverlight|x64.ActiveCfg = Debug|x64
		{4868A1B2-E164-49D1-87FD-1E133D4359FC}.Silverlight|x64.Build.0 = Debug|x64
		{4868A1B2-E164-49D1-87FD-1E133D4359FC}.Silverlight|x86.ActiveCfg = Test|Any CPU
		{4868A1B2-E164-49D1-87FD-1E133D4359FC}.Silverlight|x86.Build.0 = Test|Any CPU
		{4868A1B2-E164-49D1-87FD-1E133D4359FC}.Test|Any CPU.ActiveCfg = Test|Any CPU
		{4868A1B2-E164-49D1-87FD-1E133D4359FC}.Test|Any CPU.Build.0 = Test|Any CPU
		{4868A1B2-E164-49D1-87FD-1E133D4359FC}.Test|Mixed Platforms.ActiveCfg = Test|Any CPU
		{4868A1B2-E164-49D1-87FD-1E133D4359FC}.Test|Mixed Platforms.Build.0 = Test|Any CPU
		{4868A1B2-E164-49D1-87FD-1E133D4359FC}.Test|x64.ActiveCfg = Test|x64
		{4868A1B2-E164-49D1-87FD-1E133D4359FC}.Test|x64.Build.0 = Test|x64
		{4868A1B2-E164-49D1-87FD-1E133D4359FC}.Test|x86.ActiveCfg = Test|Any CPU
		{4868A1B2-E164-49D1-87FD-1E133D4359FC}.Test|x86.Build.0 = Test|Any CPU
		{4868A1B2-E164-49D1-87FD-1E133D4359FC}.WPF|Any CPU.ActiveCfg = Test|Any CPU
		{4868A1B2-E164-49D1-87FD-1E133D4359FC}.WPF|Any CPU.Build.0 = Test|Any CPU
		{4868A1B2-E164-49D1-87FD-1E133D4359FC}.WPF|Mixed Platforms.ActiveCfg = Test|Any CPU
		{4868A1B2-E164-49D1-87FD-1E133D4359FC}.WPF|Mixed Platforms.Build.0 = Test|Any CPU
		{4868A1B2-E164-49D1-87FD-1E133D4359FC}.WPF|x64.ActiveCfg = Debug|x64
		{4868A1B2-E164-49D1-87FD-1E133D4359FC}.WPF|x64.Build.0 = Debug|x64
		{4868A1B2-E164-49D1-87FD-1E133D4359FC}.WPF|x86.ActiveCfg = Test|Any CPU
		{4868A1B2-E164-49D1-87FD-1E133D4359FC}.WPF|x86.Build.0 = Test|Any CPU
		{301B6C03-4552-485B-8304-903B9FA7F06B}.AutoPilot|Any CPU.ActiveCfg = AutoPilot|Any CPU
		{301B6C03-4552-485B-8304-903B9FA7F06B}.AutoPilot|Any CPU.Build.0 = AutoPilot|Any CPU
		{301B6C03-4552-485B-8304-903B9FA7F06B}.AutoPilot|Mixed Platforms.ActiveCfg = AutoPilot|Any CPU
		{301B6C03-4552-485B-8304-903B9FA7F06B}.AutoPilot|Mixed Platforms.Build.0 = AutoPilot|Any CPU
		{301B6C03-4552-485B-8304-903B9FA7F06B}.AutoPilot|x64.ActiveCfg = AutoPilot|x64
		{301B6C03-4552-485B-8304-903B9FA7F06B}.AutoPilot|x64.Build.0 = AutoPilot|x64
		{301B6C03-4552-485B-8304-903B9FA7F06B}.AutoPilot|x86.ActiveCfg = AutoPilot|Any CPU
		{301B6C03-4552-485B-8304-903B9FA7F06B}.AutoPilot|x86.Build.0 = AutoPilot|Any CPU
		{301B6C03-4552-485B-8304-903B9FA7F06B}.Debug|Any CPU.ActiveCfg = Debug|Any CPU
		{301B6C03-4552-485B-8304-903B9FA7F06B}.Debug|Any CPU.Build.0 = Debug|Any CPU
		{301B6C03-4552-485B-8304-903B9FA7F06B}.Debug|Mixed Platforms.ActiveCfg = Debug|Any CPU
		{301B6C03-4552-485B-8304-903B9FA7F06B}.Debug|Mixed Platforms.Build.0 = Debug|Any CPU
		{301B6C03-4552-485B-8304-903B9FA7F06B}.Debug|x64.ActiveCfg = Debug|x64
		{301B6C03-4552-485B-8304-903B9FA7F06B}.Debug|x64.Build.0 = Debug|x64
		{301B6C03-4552-485B-8304-903B9FA7F06B}.Debug|x86.ActiveCfg = Debug|Any CPU
		{301B6C03-4552-485B-8304-903B9FA7F06B}.Debug|x86.Build.0 = Debug|Any CPU
		{301B6C03-4552-485B-8304-903B9FA7F06B}.Release|Any CPU.ActiveCfg = Release|Any CPU
		{301B6C03-4552-485B-8304-903B9FA7F06B}.Release|Any CPU.Build.0 = Release|Any CPU
		{301B6C03-4552-485B-8304-903B9FA7F06B}.Release|Mixed Platforms.ActiveCfg = Release|Any CPU
		{301B6C03-4552-485B-8304-903B9FA7F06B}.Release|Mixed Platforms.Build.0 = Release|Any CPU
		{301B6C03-4552-485B-8304-903B9FA7F06B}.Release|x64.ActiveCfg = Release|x64
		{301B6C03-4552-485B-8304-903B9FA7F06B}.Release|x64.Build.0 = Release|x64
		{301B6C03-4552-485B-8304-903B9FA7F06B}.Release|x86.ActiveCfg = Release|Any CPU
		{301B6C03-4552-485B-8304-903B9FA7F06B}.Release|x86.Build.0 = Release|Any CPU
		{301B6C03-4552-485B-8304-903B9FA7F06B}.Silverlight|Any CPU.ActiveCfg = Test|Any CPU
		{301B6C03-4552-485B-8304-903B9FA7F06B}.Silverlight|Any CPU.Build.0 = Test|Any CPU
		{301B6C03-4552-485B-8304-903B9FA7F06B}.Silverlight|Mixed Platforms.ActiveCfg = Test|Any CPU
		{301B6C03-4552-485B-8304-903B9FA7F06B}.Silverlight|Mixed Platforms.Build.0 = Test|Any CPU
		{301B6C03-4552-485B-8304-903B9FA7F06B}.Silverlight|x64.ActiveCfg = Debug|x64
		{301B6C03-4552-485B-8304-903B9FA7F06B}.Silverlight|x64.Build.0 = Debug|x64
		{301B6C03-4552-485B-8304-903B9FA7F06B}.Silverlight|x86.ActiveCfg = Test|Any CPU
		{301B6C03-4552-485B-8304-903B9FA7F06B}.Silverlight|x86.Build.0 = Test|Any CPU
		{301B6C03-4552-485B-8304-903B9FA7F06B}.Test|Any CPU.ActiveCfg = Test|Any CPU
		{301B6C03-4552-485B-8304-903B9FA7F06B}.Test|Any CPU.Build.0 = Test|Any CPU
		{301B6C03-4552-485B-8304-903B9FA7F06B}.Test|Mixed Platforms.ActiveCfg = Test|Any CPU
		{301B6C03-4552-485B-8304-903B9FA7F06B}.Test|Mixed Platforms.Build.0 = Test|Any CPU
		{301B6C03-4552-485B-8304-903B9FA7F06B}.Test|x64.ActiveCfg = Test|x64
		{301B6C03-4552-485B-8304-903B9FA7F06B}.Test|x64.Build.0 = Test|x64
		{301B6C03-4552-485B-8304-903B9FA7F06B}.Test|x86.ActiveCfg = Test|Any CPU
		{301B6C03-4552-485B-8304-903B9FA7F06B}.Test|x86.Build.0 = Test|Any CPU
		{301B6C03-4552-485B-8304-903B9FA7F06B}.WPF|Any CPU.ActiveCfg = Test|Any CPU
		{301B6C03-4552-485B-8304-903B9FA7F06B}.WPF|Any CPU.Build.0 = Test|Any CPU
		{301B6C03-4552-485B-8304-903B9FA7F06B}.WPF|Mixed Platforms.ActiveCfg = Test|Any CPU
		{301B6C03-4552-485B-8304-903B9FA7F06B}.WPF|Mixed Platforms.Build.0 = Test|Any CPU
		{301B6C03-4552-485B-8304-903B9FA7F06B}.WPF|x64.ActiveCfg = Debug|x64
		{301B6C03-4552-485B-8304-903B9FA7F06B}.WPF|x64.Build.0 = Debug|x64
		{301B6C03-4552-485B-8304-903B9FA7F06B}.WPF|x86.ActiveCfg = Test|Any CPU
		{301B6C03-4552-485B-8304-903B9FA7F06B}.WPF|x86.Build.0 = Test|Any CPU
		{60C18984-57F9-4D97-B7B6-EC260F988D77}.AutoPilot|Any CPU.ActiveCfg = Test|Any CPU
		{60C18984-57F9-4D97-B7B6-EC260F988D77}.AutoPilot|Any CPU.Build.0 = Test|Any CPU
		{60C18984-57F9-4D97-B7B6-EC260F988D77}.AutoPilot|Mixed Platforms.ActiveCfg = Test|Any CPU
		{60C18984-57F9-4D97-B7B6-EC260F988D77}.AutoPilot|Mixed Platforms.Build.0 = Test|Any CPU
		{60C18984-57F9-4D97-B7B6-EC260F988D77}.AutoPilot|x64.ActiveCfg = Debug|x64
		{60C18984-57F9-4D97-B7B6-EC260F988D77}.AutoPilot|x64.Build.0 = Debug|x64
		{60C18984-57F9-4D97-B7B6-EC260F988D77}.AutoPilot|x86.ActiveCfg = Test|Any CPU
		{60C18984-57F9-4D97-B7B6-EC260F988D77}.AutoPilot|x86.Build.0 = Test|Any CPU
		{60C18984-57F9-4D97-B7B6-EC260F988D77}.Debug|Any CPU.ActiveCfg = Debug|Any CPU
		{60C18984-57F9-4D97-B7B6-EC260F988D77}.Debug|Any CPU.Build.0 = Debug|Any CPU
		{60C18984-57F9-4D97-B7B6-EC260F988D77}.Debug|Mixed Platforms.ActiveCfg = Debug|Any CPU
		{60C18984-57F9-4D97-B7B6-EC260F988D77}.Debug|Mixed Platforms.Build.0 = Debug|Any CPU
		{60C18984-57F9-4D97-B7B6-EC260F988D77}.Debug|x64.ActiveCfg = Debug|x64
		{60C18984-57F9-4D97-B7B6-EC260F988D77}.Debug|x64.Build.0 = Debug|x64
		{60C18984-57F9-4D97-B7B6-EC260F988D77}.Debug|x86.ActiveCfg = Debug|Any CPU
		{60C18984-57F9-4D97-B7B6-EC260F988D77}.Debug|x86.Build.0 = Debug|Any CPU
		{60C18984-57F9-4D97-B7B6-EC260F988D77}.Release|Any CPU.ActiveCfg = Release|Any CPU
		{60C18984-57F9-4D97-B7B6-EC260F988D77}.Release|Any CPU.Build.0 = Release|Any CPU
		{60C18984-57F9-4D97-B7B6-EC260F988D77}.Release|Mixed Platforms.ActiveCfg = Release|Any CPU
		{60C18984-57F9-4D97-B7B6-EC260F988D77}.Release|Mixed Platforms.Build.0 = Release|Any CPU
		{60C18984-57F9-4D97-B7B6-EC260F988D77}.Release|x64.ActiveCfg = Release|x64
		{60C18984-57F9-4D97-B7B6-EC260F988D77}.Release|x64.Build.0 = Release|x64
		{60C18984-57F9-4D97-B7B6-EC260F988D77}.Release|x86.ActiveCfg = Release|Any CPU
		{60C18984-57F9-4D97-B7B6-EC260F988D77}.Release|x86.Build.0 = Release|Any CPU
		{60C18984-57F9-4D97-B7B6-EC260F988D77}.Silverlight|Any CPU.ActiveCfg = Test|Any CPU
		{60C18984-57F9-4D97-B7B6-EC260F988D77}.Silverlight|Any CPU.Build.0 = Test|Any CPU
		{60C18984-57F9-4D97-B7B6-EC260F988D77}.Silverlight|Mixed Platforms.ActiveCfg = Test|Any CPU
		{60C18984-57F9-4D97-B7B6-EC260F988D77}.Silverlight|Mixed Platforms.Build.0 = Test|Any CPU
		{60C18984-57F9-4D97-B7B6-EC260F988D77}.Silverlight|x64.ActiveCfg = Debug|x64
		{60C18984-57F9-4D97-B7B6-EC260F988D77}.Silverlight|x64.Build.0 = Debug|x64
		{60C18984-57F9-4D97-B7B6-EC260F988D77}.Silverlight|x86.ActiveCfg = Test|Any CPU
		{60C18984-57F9-4D97-B7B6-EC260F988D77}.Silverlight|x86.Build.0 = Test|Any CPU
		{60C18984-57F9-4D97-B7B6-EC260F988D77}.Test|Any CPU.ActiveCfg = Test|Any CPU
		{60C18984-57F9-4D97-B7B6-EC260F988D77}.Test|Any CPU.Build.0 = Test|Any CPU
		{60C18984-57F9-4D97-B7B6-EC260F988D77}.Test|Mixed Platforms.ActiveCfg = Test|Any CPU
		{60C18984-57F9-4D97-B7B6-EC260F988D77}.Test|Mixed Platforms.Build.0 = Test|Any CPU
		{60C18984-57F9-4D97-B7B6-EC260F988D77}.Test|x64.ActiveCfg = Test|x64
		{60C18984-57F9-4D97-B7B6-EC260F988D77}.Test|x64.Build.0 = Test|x64
		{60C18984-57F9-4D97-B7B6-EC260F988D77}.Test|x86.ActiveCfg = Test|Any CPU
		{60C18984-57F9-4D97-B7B6-EC260F988D77}.Test|x86.Build.0 = Test|Any CPU
		{60C18984-57F9-4D97-B7B6-EC260F988D77}.WPF|Any CPU.ActiveCfg = Test|Any CPU
		{60C18984-57F9-4D97-B7B6-EC260F988D77}.WPF|Any CPU.Build.0 = Test|Any CPU
		{60C18984-57F9-4D97-B7B6-EC260F988D77}.WPF|Mixed Platforms.ActiveCfg = Test|Any CPU
		{60C18984-57F9-4D97-B7B6-EC260F988D77}.WPF|Mixed Platforms.Build.0 = Test|Any CPU
		{60C18984-57F9-4D97-B7B6-EC260F988D77}.WPF|x64.ActiveCfg = Debug|x64
		{60C18984-57F9-4D97-B7B6-EC260F988D77}.WPF|x64.Build.0 = Debug|x64
		{60C18984-57F9-4D97-B7B6-EC260F988D77}.WPF|x86.ActiveCfg = Test|Any CPU
		{60C18984-57F9-4D97-B7B6-EC260F988D77}.WPF|x86.Build.0 = Test|Any CPU
	EndGlobalSection
	GlobalSection(SolutionProperties) = preSolution
		HideSolutionNode = FALSE
	EndGlobalSection
	GlobalSection(ExtensibilityGlobals) = postSolution
		SolutionGuid = {B817035E-FF06-46D1-927F-3DFE741000FB}
	EndGlobalSection
EndGlobal
